
Microsoft Visual Studio Solution File, Format Version 12.00
# Visual Studio Version 16
VisualStudioVersion = 16.0.31019.35
MinimumVisualStudioVersion = 10.0.40219.1
Project("{FAE04EC0-301F-11D3-BF4B-00C04F79EFBC}") = "Laba13", "Laba13\Laba13.csproj", "{1F92D9A9-CC93-41CB-AEA8-38491FBC2124}"
EndProject
Global
	GlobalSection(SolutionConfigurationPlatforms) = preSolution
		Debug|Any CPU = Debug|Any CPU
		Release|Any CPU = Release|Any CPU
	EndGlobalSection
	GlobalSection(ProjectConfigurationPlatforms) = postSolution
		{1F92D9A9-CC93-41CB-AEA8-38491FBC2124}.Debug|Any CPU.ActiveCfg = Debug|Any CPU
		{1F92D9A9-CC93-41CB-AEA8-38491FBC2124}.Debug|Any CPU.Build.0 = Debug|Any CPU
		{1F92D9A9-CC93-41CB-AEA8-38491FBC2124}.Release|Any CPU.ActiveCfg = Release|Any CPU
		{1F92D9A9-CC93-41CB-AEA8-38491FBC2124}.Release|Any CPU.Build.0 = Release|Any CPU
	EndGlobalSection
	GlobalSection(SolutionProperties) = preSolution
		HideSolutionNode = FALSE
	EndGlobalSection
	GlobalSection(ExtensibilityGlobals) = postSolution
		SolutionGuid = {F17F67C1-5221-44D8-A33F-7F06C3DFAC4B}
	EndGlobalSection
EndGlobal
