
Microsoft Visual Studio Solution File, Format Version 12.00
# Visual Studio Version 16
VisualStudioVersion = 16.0.31019.35
MinimumVisualStudioVersion = 10.0.40219.1
Project("{FAE04EC0-301F-11D3-BF4B-00C04F79EFBC}") = "Laba10", "Laba10\Laba10.csproj", "{137255EF-C285-4915-89E6-BBEF30A9F5E4}"
EndProject
Global
	GlobalSection(SolutionConfigurationPlatforms) = preSolution
		Debug|Any CPU = Debug|Any CPU
		Release|Any CPU = Release|Any CPU
	EndGlobalSection
	GlobalSection(ProjectConfigurationPlatforms) = postSolution
		{137255EF-C285-4915-89E6-BBEF30A9F5E4}.Debug|Any CPU.ActiveCfg = Debug|Any CPU
		{137255EF-C285-4915-89E6-BBEF30A9F5E4}.Debug|Any CPU.Build.0 = Debug|Any CPU
		{137255EF-C285-4915-89E6-BBEF30A9F5E4}.Release|Any CPU.ActiveCfg = Release|Any CPU
		{137255EF-C285-4915-89E6-BBEF30A9F5E4}.Release|Any CPU.Build.0 = Release|Any CPU
	EndGlobalSection
	GlobalSection(SolutionProperties) = preSolution
		HideSolutionNode = FALSE
	EndGlobalSection
	GlobalSection(ExtensibilityGlobals) = postSolution
		SolutionGuid = {FACB43C3-F7F2-4DE8-B5E7-FFF0FD6660FE}
	EndGlobalSection
EndGlobal
