
Microsoft Visual Studio Solution File, Format Version 12.00
# Visual Studio Version 16
VisualStudioVersion = 16.0.31019.35
MinimumVisualStudioVersion = 10.0.40219.1
Project("{9A19103F-16F7-4668-BE54-9A1E7A4F7556}") = "Laba7", "Laba6\Laba7.csproj", "{C33B90F6-02A9-42FE-96A7-63702FE99AF0}"
EndProject
Global
	GlobalSection(SolutionConfigurationPlatforms) = preSolution
		Debug|Any CPU = Debug|Any CPU
		Release|Any CPU = Release|Any CPU
	EndGlobalSection
	GlobalSection(ProjectConfigurationPlatforms) = postSolution
		{C33B90F6-02A9-42FE-96A7-63702FE99AF0}.Debug|Any CPU.ActiveCfg = Debug|Any CPU
		{C33B90F6-02A9-42FE-96A7-63702FE99AF0}.Debug|Any CPU.Build.0 = Debug|Any CPU
		{C33B90F6-02A9-42FE-96A7-63702FE99AF0}.Release|Any CPU.ActiveCfg = Release|Any CPU
		{C33B90F6-02A9-42FE-96A7-63702FE99AF0}.Release|Any CPU.Build.0 = Release|Any CPU
	EndGlobalSection
	GlobalSection(SolutionProperties) = preSolution
		HideSolutionNode = FALSE
	EndGlobalSection
	GlobalSection(ExtensibilityGlobals) = postSolution
		SolutionGuid = {038CD096-2CF5-465C-8C25-675186846EE2}
	EndGlobalSection
EndGlobal
